
Microsoft Visual Studio Solution File, Format Version 12.00
# Visual Studio Version 17
VisualStudioVersion = 17.2.32630.192
MinimumVisualStudioVersion = 10.0.40219.1
Project("{FAE04EC0-301F-11D3-BF4B-00C04F79EFBC}") = "SD-125-W22SD-Labs", "SD-125-W22SD-Labs.csproj", "{B813EA5E-6E89-4551-BD1C-C2FCA8A709DF}"
EndProject
Project("{FAE04EC0-301F-11D3-BF4B-00C04F79EFBC}") = "TestProjectForLab", "..\TestProjectForLab\TestProjectForLab.csproj", "{3C61CCCA-9B5F-4CC6-9455-1F6CAD518B0B}"
EndProject
Global
	GlobalSection(SolutionConfigurationPlatforms) = preSolution
		Debug|Any CPU = Debug|Any CPU
		Release|Any CPU = Release|Any CPU
	EndGlobalSection
	GlobalSection(ProjectConfigurationPlatforms) = postSolution
		{B813EA5E-6E89-4551-BD1C-C2FCA8A709DF}.Debug|Any CPU.ActiveCfg = Debug|Any CPU
		{B813EA5E-6E89-4551-BD1C-C2FCA8A709DF}.Debug|Any CPU.Build.0 = Debug|Any CPU
		{B813EA5E-6E89-4551-BD1C-C2FCA8A709DF}.Release|Any CPU.ActiveCfg = Release|Any CPU
		{B813EA5E-6E89-4551-BD1C-C2FCA8A709DF}.Release|Any CPU.Build.0 = Release|Any CPU
		{3C61CCCA-9B5F-4CC6-9455-1F6CAD518B0B}.Debug|Any CPU.ActiveCfg = Debug|Any CPU
		{3C61CCCA-9B5F-4CC6-9455-1F6CAD518B0B}.Debug|Any CPU.Build.0 = Debug|Any CPU
		{3C61CCCA-9B5F-4CC6-9455-1F6CAD518B0B}.Release|Any CPU.ActiveCfg = Release|Any CPU
		{3C61CCCA-9B5F-4CC6-9455-1F6CAD518B0B}.Release|Any CPU.Build.0 = Release|Any CPU
	EndGlobalSection
	GlobalSection(SolutionProperties) = preSolution
		HideSolutionNode = FALSE
	EndGlobalSection
	GlobalSection(ExtensibilityGlobals) = postSolution
		SolutionGuid = {AC23186C-A98A-4B96-B2FC-35F17BCE297A}
	EndGlobalSection
EndGlobal
